// !$*UTF8*$!
{
	archiveVersion = 1;
	classes = {
	};
	objectVersion = 50;
	objects = {

/* Begin PBXBuildFile section */
		A2BE5BEE54DC0474C85C4CF1 /* Pods_Flixster.framework in Frameworks */ = {isa = PBXBuildFile; fileRef = C6F6CA51686002E128F046A2 /* Pods_Flixster.framework */; };
		C21B2F1A2218FF7500F83EB0 /* MovieDetailsViewController.swift in Sources */ = {isa = PBXBuildFile; fileRef = C21B2F192218FF7500F83EB0 /* MovieDetailsViewController.swift */; };
		C21B2F1C2219137100F83EB0 /* MovieGridViewController.swift in Sources */ = {isa = PBXBuildFile; fileRef = C21B2F1B2219137100F83EB0 /* MovieGridViewController.swift */; };
		C21B2F1E2219165A00F83EB0 /* MovieGridCell.swift in Sources */ = {isa = PBXBuildFile; fileRef = C21B2F1D2219165A00F83EB0 /* MovieGridCell.swift */; };
		C24E24AD220FD73C00DABA81 /* AppDelegate.swift in Sources */ = {isa = PBXBuildFile; fileRef = C24E24AC220FD73C00DABA81 /* AppDelegate.swift */; };
		C24E24B2220FD73C00DABA81 /* Main.storyboard in Resources */ = {isa = PBXBuildFile; fileRef = C24E24B0220FD73C00DABA81 /* Main.storyboard */; };
		C24E24B4220FD73E00DABA81 /* Assets.xcassets in Resources */ = {isa = PBXBuildFile; fileRef = C24E24B3220FD73E00DABA81 /* Assets.xcassets */; };
		C24E24B7220FD73E00DABA81 /* LaunchScreen.storyboard in Resources */ = {isa = PBXBuildFile; fileRef = C24E24B5220FD73E00DABA81 /* LaunchScreen.storyboard */; };
		C24E24C2220FD73F00DABA81 /* FlixsterTests.swift in Sources */ = {isa = PBXBuildFile; fileRef = C24E24C1220FD73F00DABA81 /* FlixsterTests.swift */; };
		C24E24CD220FD73F00DABA81 /* FlixsterUITests.swift in Sources */ = {isa = PBXBuildFile; fileRef = C24E24CC220FD73F00DABA81 /* FlixsterUITests.swift */; };
		C24E24DB220FD83900DABA81 /* MoviesViewController.swift in Sources */ = {isa = PBXBuildFile; fileRef = C24E24DA220FD83900DABA81 /* MoviesViewController.swift */; };
		C24E24DD220FE5EC00DABA81 /* MovieCell.swift in Sources */ = {isa = PBXBuildFile; fileRef = C24E24DC220FE5EC00DABA81 /* MovieCell.swift */; };
		D5201285775116C89B869DF4 /* Pods_FlixsterUITests.framework in Frameworks */ = {isa = PBXBuildFile; fileRef = 3498E2E6BCAFCE9337650207 /* Pods_FlixsterUITests.framework */; };
		FA9DFD196F0E936024820BF6 /* Pods_FlixsterTests.framework in Frameworks */ = {isa = PBXBuildFile; fileRef = 1859AE2CB850B56771A7CB00 /* Pods_FlixsterTests.framework */; };
/* End PBXBuildFile section */

/* Begin PBXContainerItemProxy section */
		C24E24BE220FD73F00DABA81 /* PBXContainerItemProxy */ = {
			isa = PBXContainerItemProxy;
			containerPortal = C24E24A1220FD73C00DABA81 /* Project object */;
			proxyType = 1;
			remoteGlobalIDString = C24E24A8220FD73C00DABA81;
			remoteInfo = Flixster;
		};
		C24E24C9220FD73F00DABA81 /* PBXContainerItemProxy */ = {
			isa = PBXContainerItemProxy;
			containerPortal = C24E24A1220FD73C00DABA81 /* Project object */;
			proxyType = 1;
			remoteGlobalIDString = C24E24A8220FD73C00DABA81;
			remoteInfo = Flixster;
		};
/* End PBXContainerItemProxy section */

/* Begin PBXFileReference section */
		016800B6A6C6BFDD56C50ACE /* Pods-FlixsterUITests.release.xcconfig */ = {isa = PBXFileReference; includeInIndex = 1; lastKnownFileType = text.xcconfig; name = "Pods-FlixsterUITests.release.xcconfig"; path = "Pods/Target Support Files/Pods-FlixsterUITests/Pods-FlixsterUITests.release.xcconfig"; sourceTree = "<group>"; };
		1859AE2CB850B56771A7CB00 /* Pods_FlixsterTests.framework */ = {isa = PBXFileReference; explicitFileType = wrapper.framework; includeInIndex = 0; path = Pods_FlixsterTests.framework; sourceTree = BUILT_PRODUCTS_DIR; };
		25655FCA3BFC23044EDABBEF /* Pods-Flixster.release.xcconfig */ = {isa = PBXFileReference; includeInIndex = 1; lastKnownFileType = text.xcconfig; name = "Pods-Flixster.release.xcconfig"; path = "Pods/Target Support Files/Pods-Flixster/Pods-Flixster.release.xcconfig"; sourceTree = "<group>"; };
		3498E2E6BCAFCE9337650207 /* Pods_FlixsterUITests.framework */ = {isa = PBXFileReference; explicitFileType = wrapper.framework; includeInIndex = 0; path = Pods_FlixsterUITests.framework; sourceTree = BUILT_PRODUCTS_DIR; };
		70932D90EC0081283D2C27CC /* Pods-FlixsterUITests.debug.xcconfig */ = {isa = PBXFileReference; includeInIndex = 1; lastKnownFileType = text.xcconfig; name = "Pods-FlixsterUITests.debug.xcconfig"; path = "Pods/Target Support Files/Pods-FlixsterUITests/Pods-FlixsterUITests.debug.xcconfig"; sourceTree = "<group>"; };
		C21B2F192218FF7500F83EB0 /* MovieDetailsViewController.swift */ = {isa = PBXFileReference; lastKnownFileType = sourcecode.swift; path = MovieDetailsViewController.swift; sourceTree = "<group>"; };
		C21B2F1B2219137100F83EB0 /* MovieGridViewController.swift */ = {isa = PBXFileReference; lastKnownFileType = sourcecode.swift; path = MovieGridViewController.swift; sourceTree = "<group>"; };
		C21B2F1D2219165A00F83EB0 /* MovieGridCell.swift */ = {isa = PBXFileReference; lastKnownFileType = sourcecode.swift; path = MovieGridCell.swift; sourceTree = "<group>"; };
		C24E24A9220FD73C00DABA81 /* Flixster.app */ = {isa = PBXFileReference; explicitFileType = wrapper.application; includeInIndex = 0; path = Flixster.app; sourceTree = BUILT_PRODUCTS_DIR; };
		C24E24AC220FD73C00DABA81 /* AppDelegate.swift */ = {isa = PBXFileReference; lastKnownFileType = sourcecode.swift; path = AppDelegate.swift; sourceTree = "<group>"; };
		C24E24B1220FD73C00DABA81 /* Base */ = {isa = PBXFileReference; lastKnownFileType = file.storyboard; name = Base; path = Base.lproj/Main.storyboard; sourceTree = "<group>"; };
		C24E24B3220FD73E00DABA81 /* Assets.xcassets */ = {isa = PBXFileReference; lastKnownFileType = folder.assetcatalog; path = Assets.xcassets; sourceTree = "<group>"; };
		C24E24B6220FD73E00DABA81 /* Base */ = {isa = PBXFileReference; lastKnownFileType = file.storyboard; name = Base; path = Base.lproj/LaunchScreen.storyboard; sourceTree = "<group>"; };
		C24E24B8220FD73E00DABA81 /* Info.plist */ = {isa = PBXFileReference; lastKnownFileType = text.plist.xml; path = Info.plist; sourceTree = "<group>"; };
		C24E24BD220FD73F00DABA81 /* FlixsterTests.xctest */ = {isa = PBXFileReference; explicitFileType = wrapper.cfbundle; includeInIndex = 0; path = FlixsterTests.xctest; sourceTree = BUILT_PRODUCTS_DIR; };
		C24E24C1220FD73F00DABA81 /* FlixsterTests.swift */ = {isa = PBXFileReference; lastKnownFileType = sourcecode.swift; path = FlixsterTests.swift; sourceTree = "<group>"; };
		C24E24C3220FD73F00DABA81 /* Info.plist */ = {isa = PBXFileReference; lastKnownFileType = text.plist.xml; path = Info.plist; sourceTree = "<group>"; };
		C24E24C8220FD73F00DABA81 /* FlixsterUITests.xctest */ = {isa = PBXFileReference; explicitFileType = wrapper.cfbundle; includeInIndex = 0; path = FlixsterUITests.xctest; sourceTree = BUILT_PRODUCTS_DIR; };
		C24E24CC220FD73F00DABA81 /* FlixsterUITests.swift */ = {isa = PBXFileReference; lastKnownFileType = sourcecode.swift; path = FlixsterUITests.swift; sourceTree = "<group>"; };
		C24E24CE220FD73F00DABA81 /* Info.plist */ = {isa = PBXFileReference; lastKnownFileType = text.plist.xml; path = Info.plist; sourceTree = "<group>"; };
		C24E24DA220FD83900DABA81 /* MoviesViewController.swift */ = {isa = PBXFileReference; lastKnownFileType = sourcecode.swift; path = MoviesViewController.swift; sourceTree = "<group>"; };
		C24E24DC220FE5EC00DABA81 /* MovieCell.swift */ = {isa = PBXFileReference; lastKnownFileType = sourcecode.swift; path = MovieCell.swift; sourceTree = "<group>"; };
		C6F6CA51686002E128F046A2 /* Pods_Flixster.framework */ = {isa = PBXFileReference; explicitFileType = wrapper.framework; includeInIndex = 0; path = Pods_Flixster.framework; sourceTree = BUILT_PRODUCTS_DIR; };
		CE3FE9A6B205A492211570EA /* Pods-FlixsterTests.release.xcconfig */ = {isa = PBXFileReference; includeInIndex = 1; lastKnownFileType = text.xcconfig; name = "Pods-FlixsterTests.release.xcconfig"; path = "Pods/Target Support Files/Pods-FlixsterTests/Pods-FlixsterTests.release.xcconfig"; sourceTree = "<group>"; };
		E59946977755F51402EA00C2 /* Pods-FlixsterTests.debug.xcconfig */ = {isa = PBXFileReference; includeInIndex = 1; lastKnownFileType = text.xcconfig; name = "Pods-FlixsterTests.debug.xcconfig"; path = "Pods/Target Support Files/Pods-FlixsterTests/Pods-FlixsterTests.debug.xcconfig"; sourceTree = "<group>"; };
		E78BBF0E663474377B72A9BC /* Pods-Flixster.debug.xcconfig */ = {isa = PBXFileReference; includeInIndex = 1; lastKnownFileType = text.xcconfig; name = "Pods-Flixster.debug.xcconfig"; path = "Pods/Target Support Files/Pods-Flixster/Pods-Flixster.debug.xcconfig"; sourceTree = "<group>"; };
/* End PBXFileReference section */

/* Begin PBXFrameworksBuildPhase section */
		C24E24A6220FD73C00DABA81 /* Frameworks */ = {
			isa = PBXFrameworksBuildPhase;
			buildActionMask = 2147483647;
			files = (
				A2BE5BEE54DC0474C85C4CF1 /* Pods_Flixster.framework in Frameworks */,
			);
			runOnlyForDeploymentPostprocessing = 0;
		};
		C24E24BA220FD73F00DABA81 /* Frameworks */ = {
			isa = PBXFrameworksBuildPhase;
			buildActionMask = 2147483647;
			files = (
				FA9DFD196F0E936024820BF6 /* Pods_FlixsterTests.framework in Frameworks */,
			);
			runOnlyForDeploymentPostprocessing = 0;
		};
		C24E24C5220FD73F00DABA81 /* Frameworks */ = {
			isa = PBXFrameworksBuildPhase;
			buildActionMask = 2147483647;
			files = (
				D5201285775116C89B869DF4 /* Pods_FlixsterUITests.framework in Frameworks */,
			);
			runOnlyForDeploymentPostprocessing = 0;
		};
/* End PBXFrameworksBuildPhase section */

/* Begin PBXGroup section */
		4AA692F82390A1C159BB91A9 /* Pods */ = {
			isa = PBXGroup;
			children = (
				E78BBF0E663474377B72A9BC /* Pods-Flixster.debug.xcconfig */,
				25655FCA3BFC23044EDABBEF /* Pods-Flixster.release.xcconfig */,
				E59946977755F51402EA00C2 /* Pods-FlixsterTests.debug.xcconfig */,
				CE3FE9A6B205A492211570EA /* Pods-FlixsterTests.release.xcconfig */,
				70932D90EC0081283D2C27CC /* Pods-FlixsterUITests.debug.xcconfig */,
				016800B6A6C6BFDD56C50ACE /* Pods-FlixsterUITests.release.xcconfig */,
			);
			name = Pods;
			sourceTree = "<group>";
		};
		86B0B21522E9D25E9E9F7E5B /* Frameworks */ = {
			isa = PBXGroup;
			children = (
				C6F6CA51686002E128F046A2 /* Pods_Flixster.framework */,
				1859AE2CB850B56771A7CB00 /* Pods_FlixsterTests.framework */,
				3498E2E6BCAFCE9337650207 /* Pods_FlixsterUITests.framework */,
			);
			name = Frameworks;
			sourceTree = "<group>";
		};
		C24E24A0220FD73C00DABA81 = {
			isa = PBXGroup;
			children = (
				C24E24AB220FD73C00DABA81 /* Flixster */,
				C24E24C0220FD73F00DABA81 /* FlixsterTests */,
				C24E24CB220FD73F00DABA81 /* FlixsterUITests */,
				C24E24AA220FD73C00DABA81 /* Products */,
				4AA692F82390A1C159BB91A9 /* Pods */,
				86B0B21522E9D25E9E9F7E5B /* Frameworks */,
			);
			sourceTree = "<group>";
		};
		C24E24AA220FD73C00DABA81 /* Products */ = {
			isa = PBXGroup;
			children = (
				C24E24A9220FD73C00DABA81 /* Flixster.app */,
				C24E24BD220FD73F00DABA81 /* FlixsterTests.xctest */,
				C24E24C8220FD73F00DABA81 /* FlixsterUITests.xctest */,
			);
			name = Products;
			sourceTree = "<group>";
		};
		C24E24AB220FD73C00DABA81 /* Flixster */ = {
			isa = PBXGroup;
			children = (
				C24E24AC220FD73C00DABA81 /* AppDelegate.swift */,
				C24E24B0220FD73C00DABA81 /* Main.storyboard */,
				C24E24DA220FD83900DABA81 /* MoviesViewController.swift */,
				C24E24B3220FD73E00DABA81 /* Assets.xcassets */,
				C24E24B5220FD73E00DABA81 /* LaunchScreen.storyboard */,
				C24E24B8220FD73E00DABA81 /* Info.plist */,
				C24E24DC220FE5EC00DABA81 /* MovieCell.swift */,
				C21B2F192218FF7500F83EB0 /* MovieDetailsViewController.swift */,
				C21B2F1B2219137100F83EB0 /* MovieGridViewController.swift */,
				C21B2F1D2219165A00F83EB0 /* MovieGridCell.swift */,
			);
			path = Flixster;
			sourceTree = "<group>";
		};
		C24E24C0220FD73F00DABA81 /* FlixsterTests */ = {
			isa = PBXGroup;
			children = (
				C24E24C1220FD73F00DABA81 /* FlixsterTests.swift */,
				C24E24C3220FD73F00DABA81 /* Info.plist */,
			);
			path = FlixsterTests;
			sourceTree = "<group>";
		};
		C24E24CB220FD73F00DABA81 /* FlixsterUITests */ = {
			isa = PBXGroup;
			children = (
				C24E24CC220FD73F00DABA81 /* FlixsterUITests.swift */,
				C24E24CE220FD73F00DABA81 /* Info.plist */,
			);
			path = FlixsterUITests;
			sourceTree = "<group>";
		};
/* End PBXGroup section */

/* Begin PBXNativeTarget section */
		C24E24A8220FD73C00DABA81 /* Flixster */ = {
			isa = PBXNativeTarget;
			buildConfigurationList = C24E24D1220FD73F00DABA81 /* Build configuration list for PBXNativeTarget "Flixster" */;
			buildPhases = (
				4C6BAAACC66FE0B78F80CDBF /* [CP] Check Pods Manifest.lock */,
				C24E24A5220FD73C00DABA81 /* Sources */,
				C24E24A6220FD73C00DABA81 /* Frameworks */,
				C24E24A7220FD73C00DABA81 /* Resources */,
				A506C7D1D0163C3E3A1A56E0 /* [CP] Embed Pods Frameworks */,
			);
			buildRules = (
			);
			dependencies = (
			);
			name = Flixster;
			productName = Flixster;
			productReference = C24E24A9220FD73C00DABA81 /* Flixster.app */;
			productType = "com.apple.product-type.application";
		};
		C24E24BC220FD73F00DABA81 /* FlixsterTests */ = {
			isa = PBXNativeTarget;
			buildConfigurationList = C24E24D4220FD73F00DABA81 /* Build configuration list for PBXNativeTarget "FlixsterTests" */;
			buildPhases = (
				4AF4C0430D41163DFB92A00C /* [CP] Check Pods Manifest.lock */,
				C24E24B9220FD73F00DABA81 /* Sources */,
				C24E24BA220FD73F00DABA81 /* Frameworks */,
				C24E24BB220FD73F00DABA81 /* Resources */,
			);
			buildRules = (
			);
			dependencies = (
				C24E24BF220FD73F00DABA81 /* PBXTargetDependency */,
			);
			name = FlixsterTests;
			productName = FlixsterTests;
			productReference = C24E24BD220FD73F00DABA81 /* FlixsterTests.xctest */;
			productType = "com.apple.product-type.bundle.unit-test";
		};
		C24E24C7220FD73F00DABA81 /* FlixsterUITests */ = {
			isa = PBXNativeTarget;
			buildConfigurationList = C24E24D7220FD73F00DABA81 /* Build configuration list for PBXNativeTarget "FlixsterUITests" */;
			buildPhases = (
				31E2D71F80CB48C46E99E350 /* [CP] Check Pods Manifest.lock */,
				C24E24C4220FD73F00DABA81 /* Sources */,
				C24E24C5220FD73F00DABA81 /* Frameworks */,
				C24E24C6220FD73F00DABA81 /* Resources */,
			);
			buildRules = (
			);
			dependencies = (
				C24E24CA220FD73F00DABA81 /* PBXTargetDependency */,
			);
			name = FlixsterUITests;
			productName = FlixsterUITests;
			productReference = C24E24C8220FD73F00DABA81 /* FlixsterUITests.xctest */;
			productType = "com.apple.product-type.bundle.ui-testing";
		};
/* End PBXNativeTarget section */

/* Begin PBXProject section */
		C24E24A1220FD73C00DABA81 /* Project object */ = {
			isa = PBXProject;
			attributes = {
				LastSwiftUpdateCheck = 1010;
				LastUpgradeCheck = 1010;
				ORGANIZATIONNAME = "Akarsh Kumar";
				TargetAttributes = {
					C24E24A8220FD73C00DABA81 = {
						CreatedOnToolsVersion = 10.1;
					};
					C24E24BC220FD73F00DABA81 = {
						CreatedOnToolsVersion = 10.1;
						TestTargetID = C24E24A8220FD73C00DABA81;
					};
					C24E24C7220FD73F00DABA81 = {
						CreatedOnToolsVersion = 10.1;
						TestTargetID = C24E24A8220FD73C00DABA81;
					};
				};
			};
			buildConfigurationList = C24E24A4220FD73C00DABA81 /* Build configuration list for PBXProject "Flixster" */;
			compatibilityVersion = "Xcode 9.3";
			developmentRegion = en;
			hasScannedForEncodings = 0;
			knownRegions = (
				en,
				Base,
			);
			mainGroup = C24E24A0220FD73C00DABA81;
			productRefGroup = C24E24AA220FD73C00DABA81 /* Products */;
			projectDirPath = "";
			projectRoot = "";
			targets = (
				C24E24A8220FD73C00DABA81 /* Flixster */,
				C24E24BC220FD73F00DABA81 /* FlixsterTests */,
				C24E24C7220FD73F00DABA81 /* FlixsterUITests */,
			);
		};
/* End PBXProject section */

/* Begin PBXResourcesBuildPhase section */
		C24E24A7220FD73C00DABA81 /* Resources */ = {
			isa = PBXResourcesBuildPhase;
			buildActionMask = 2147483647;
			files = (
				C24E24B7220FD73E00DABA81 /* LaunchScreen.storyboard in Resources */,
				C24E24B4220FD73E00DABA81 /* Assets.xcassets in Resources */,
				C24E24B2220FD73C00DABA81 /* Main.storyboard in Resources */,
			);
			runOnlyForDeploymentPostprocessing = 0;
		};
		C24E24BB220FD73F00DABA81 /* Resources */ = {
			isa = PBXResourcesBuildPhase;
			buildActionMask = 2147483647;
			files = (
			);
			runOnlyForDeploymentPostprocessing = 0;
		};
		C24E24C6220FD73F00DABA81 /* Resources */ = {
			isa = PBXResourcesBuildPhase;
			buildActionMask = 2147483647;
			files = (
			);
			runOnlyForDeploymentPostprocessing = 0;
		};
/* End PBXResourcesBuildPhase section */

/* Begin PBXShellScriptBuildPhase section */
		31E2D71F80CB48C46E99E350 /* [CP] Check Pods Manifest.lock */ = {
			isa = PBXShellScriptBuildPhase;
			buildActionMask = 2147483647;
			files = (
			);
			inputFileListPaths = (
			);
			inputPaths = (
				"${PODS_PODFILE_DIR_PATH}/Podfile.lock",
				"${PODS_ROOT}/Manifest.lock",
			);
			name = "[CP] Check Pods Manifest.lock";
			outputFileListPaths = (
			);
			outputPaths = (
				"$(DERIVED_FILE_DIR)/Pods-FlixsterUITests-checkManifestLockResult.txt",
			);
			runOnlyForDeploymentPostprocessing = 0;
			shellPath = /bin/sh;
			shellScript = "diff \"${PODS_PODFILE_DIR_PATH}/Podfile.lock\" \"${PODS_ROOT}/Manifest.lock\" > /dev/null\nif [ $? != 0 ] ; then\n    # print error to STDERR\n    echo \"error: The sandbox is not in sync with the Podfile.lock. Run 'pod install' or update your CocoaPods installation.\" >&2\n    exit 1\nfi\n# This output is used by Xcode 'outputs' to avoid re-running this script phase.\necho \"SUCCESS\" > \"${SCRIPT_OUTPUT_FILE_0}\"\n";
			showEnvVarsInLog = 0;
		};
		4AF4C0430D41163DFB92A00C /* [CP] Check Pods Manifest.lock */ = {
			isa = PBXShellScriptBuildPhase;
			buildActionMask = 2147483647;
			files = (
			);
			inputFileListPaths = (
			);
			inputPaths = (
				"${PODS_PODFILE_DIR_PATH}/Podfile.lock",
				"${PODS_ROOT}/Manifest.lock",
			);
			name = "[CP] Check Pods Manifest.lock";
			outputFileListPaths = (
			);
			outputPaths = (
				"$(DERIVED_FILE_DIR)/Pods-FlixsterTests-checkManifestLockResult.txt",
			);
			runOnlyForDeploymentPostprocessing = 0;
			shellPath = /bin/sh;
			shellScript = "diff \"${PODS_PODFILE_DIR_PATH}/Podfile.lock\" \"${PODS_ROOT}/Manifest.lock\" > /dev/null\nif [ $? != 0 ] ; then\n    # print error to STDERR\n    echo \"error: The sandbox is not in sync with the Podfile.lock. Run 'pod install' or update your CocoaPods installation.\" >&2\n    exit 1\nfi\n# This output is used by Xcode 'outputs' to avoid re-running this script phase.\necho \"SUCCESS\" > \"${SCRIPT_OUTPUT_FILE_0}\"\n";
			showEnvVarsInLog = 0;
		};
		4C6BAAACC66FE0B78F80CDBF /* [CP] Check Pods Manifest.lock */ = {
			isa = PBXShellScriptBuildPhase;
			buildActionMask = 2147483647;
			files = (
			);
			inputFileListPaths = (
			);
			inputPaths = (
				"${PODS_PODFILE_DIR_PATH}/Podfile.lock",
				"${PODS_ROOT}/Manifest.lock",
			);
			name = "[CP] Check Pods Manifest.lock";
			outputFileListPaths = (
			);
			outputPaths = (
				"$(DERIVED_FILE_DIR)/Pods-Flixster-checkManifestLockResult.txt",
			);
			runOnlyForDeploymentPostprocessing = 0;
			shellPath = /bin/sh;
			shellScript = "diff \"${PODS_PODFILE_DIR_PATH}/Podfile.lock\" \"${PODS_ROOT}/Manifest.lock\" > /dev/null\nif [ $? != 0 ] ; then\n    # print error to STDERR\n    echo \"error: The sandbox is not in sync with the Podfile.lock. Run 'pod install' or update your CocoaPods installation.\" >&2\n    exit 1\nfi\n# This output is used by Xcode 'outputs' to avoid re-running this script phase.\necho \"SUCCESS\" > \"${SCRIPT_OUTPUT_FILE_0}\"\n";
			showEnvVarsInLog = 0;
		};
		A506C7D1D0163C3E3A1A56E0 /* [CP] Embed Pods Frameworks */ = {
			isa = PBXShellScriptBuildPhase;
			buildActionMask = 2147483647;
			files = (
			);
			inputFileListPaths = (
			);
			inputPaths = (
				"${SRCROOT}/Pods/Target Support Files/Pods-Flixster/Pods-Flixster-frameworks.sh",
				"${BUILT_PRODUCTS_DIR}/Alamofire/Alamofire.framework",
				"${BUILT_PRODUCTS_DIR}/AlamofireImage/AlamofireImage.framework",
			);
			name = "[CP] Embed Pods Frameworks";
			outputFileListPaths = (
			);
			outputPaths = (
				"${TARGET_BUILD_DIR}/${FRAMEWORKS_FOLDER_PATH}/Alamofire.framework",
				"${TARGET_BUILD_DIR}/${FRAMEWORKS_FOLDER_PATH}/AlamofireImage.framework",
			);
			runOnlyForDeploymentPostprocessing = 0;
			shellPath = /bin/sh;
			shellScript = "\"${SRCROOT}/Pods/Target Support Files/Pods-Flixster/Pods-Flixster-frameworks.sh\"\n";
			showEnvVarsInLog = 0;
		};
/* End PBXShellScriptBuildPhase section */

/* Begin PBXSourcesBuildPhase section */
		C24E24A5220FD73C00DABA81 /* Sources */ = {
			isa = PBXSourcesBuildPhase;
			buildActionMask = 2147483647;
			files = (
				C21B2F1C2219137100F83EB0 /* MovieGridViewController.swift in Sources */,
				C21B2F1A2218FF7500F83EB0 /* MovieDetailsViewController.swift in Sources */,
				C24E24AD220FD73C00DABA81 /* AppDelegate.swift in Sources */,
				C24E24DB220FD83900DABA81 /* MoviesViewController.swift in Sources */,
				C21B2F1E2219165A00F83EB0 /* MovieGridCell.swift in Sources */,
				C24E24DD220FE5EC00DABA81 /* MovieCell.swift in Sources */,
			);
			runOnlyForDeploymentPostprocessing = 0;
		};
		C24E24B9220FD73F00DABA81 /* Sources */ = {
			isa = PBXSourcesBuildPhase;
			buildActionMask = 2147483647;
			files = (
				C24E24C2220FD73F00DABA81 /* FlixsterTests.swift in Sources */,
			);
			runOnlyForDeploymentPostprocessing = 0;
		};
		C24E24C4220FD73F00DABA81 /* Sources */ = {
			isa = PBXSourcesBuildPhase;
			buildActionMask = 2147483647;
			files = (
				C24E24CD220FD73F00DABA81 /* FlixsterUITests.swift in Sources */,
			);
			runOnlyForDeploymentPostprocessing = 0;
		};
/* End PBXSourcesBuildPhase section */

/* Begin PBXTargetDependency section */
		C24E24BF220FD73F00DABA81 /* PBXTargetDependency */ = {
			isa = PBXTargetDependency;
			target = C24E24A8220FD73C00DABA81 /* Flixster */;
			targetProxy = C24E24BE220FD73F00DABA81 /* PBXContainerItemProxy */;
		};
		C24E24CA220FD73F00DABA81 /* PBXTargetDependency */ = {
			isa = PBXTargetDependency;
			target = C24E24A8220FD73C00DABA81 /* Flixster */;
			targetProxy = C24E24C9220FD73F00DABA81 /* PBXContainerItemProxy */;
		};
/* End PBXTargetDependency section */

/* Begin PBXVariantGroup section */
		C24E24B0220FD73C00DABA81 /* Main.storyboard */ = {
			isa = PBXVariantGroup;
			children = (
				C24E24B1220FD73C00DABA81 /* Base */,
			);
			name = Main.storyboard;
			sourceTree = "<group>";
		};
		C24E24B5220FD73E00DABA81 /* LaunchScreen.storyboard */ = {
			isa = PBXVariantGroup;
			children = (
				C24E24B6220FD73E00DABA81 /* Base */,
			);
			name = LaunchScreen.storyboard;
			sourceTree = "<group>";
		};
/* End PBXVariantGroup section */

/* Begin XCBuildConfiguration section */
		C24E24CF220FD73F00DABA81 /* Debug */ = {
			isa = XCBuildConfiguration;
			buildSettings = {
				ALWAYS_SEARCH_USER_PATHS = NO;
				CLANG_ANALYZER_NONNULL = YES;
				CLANG_ANALYZER_NUMBER_OBJECT_CONVERSION = YES_AGGRESSIVE;
				CLANG_CXX_LANGUAGE_STANDARD = "gnu++14";
				CLANG_CXX_LIBRARY = "libc++";
				CLANG_ENABLE_MODULES = YES;
				CLANG_ENABLE_OBJC_ARC = YES;
				CLANG_ENABLE_OBJC_WEAK = YES;
				CLANG_WARN_BLOCK_CAPTURE_AUTORELEASING = YES;
				CLANG_WARN_BOOL_CONVERSION = YES;
				CLANG_WARN_COMMA = YES;
				CLANG_WARN_CONSTANT_CONVERSION = YES;
				CLANG_WARN_DEPRECATED_OBJC_IMPLEMENTATIONS = YES;
				CLANG_WARN_DIRECT_OBJC_ISA_USAGE = YES_ERROR;
				CLANG_WARN_DOCUMENTATION_COMMENTS = YES;
				CLANG_WARN_EMPTY_BODY = YES;
				CLANG_WARN_ENUM_CONVERSION = YES;
				CLANG_WARN_INFINITE_RECURSION = YES;
				CLANG_WARN_INT_CONVERSION = YES;
				CLANG_WARN_NON_LITERAL_NULL_CONVERSION = YES;
				CLANG_WARN_OBJC_IMPLICIT_RETAIN_SELF = YES;
				CLANG_WARN_OBJC_LITERAL_CONVERSION = YES;
				CLANG_WARN_OBJC_ROOT_CLASS = YES_ERROR;
				CLANG_WARN_RANGE_LOOP_ANALYSIS = YES;
				CLANG_WARN_STRICT_PROTOTYPES = YES;
				CLANG_WARN_SUSPICIOUS_MOVE = YES;
				CLANG_WARN_UNGUARDED_AVAILABILITY = YES_AGGRESSIVE;
				CLANG_WARN_UNREACHABLE_CODE = YES;
				CLANG_WARN__DUPLICATE_METHOD_MATCH = YES;
				CODE_SIGN_IDENTITY = "iPhone Developer";
				COPY_PHASE_STRIP = NO;
				DEBUG_INFORMATION_FORMAT = dwarf;
				ENABLE_STRICT_OBJC_MSGSEND = YES;
				ENABLE_TESTABILITY = YES;
				GCC_C_LANGUAGE_STANDARD = gnu11;
				GCC_DYNAMIC_NO_PIC = NO;
				GCC_NO_COMMON_BLOCKS = YES;
				GCC_OPTIMIZATION_LEVEL = 0;
				GCC_PREPROCESSOR_DEFINITIONS = (
					"DEBUG=1",
					"$(inherited)",
				);
				GCC_WARN_64_TO_32_BIT_CONVERSION = YES;
				GCC_WARN_ABOUT_RETURN_TYPE = YES_ERROR;
				GCC_WARN_UNDECLARED_SELECTOR = YES;
				GCC_WARN_UNINITIALIZED_AUTOS = YES_AGGRESSIVE;
				GCC_WARN_UNUSED_FUNCTION = YES;
				GCC_WARN_UNUSED_VARIABLE = YES;
				IPHONEOS_DEPLOYMENT_TARGET = 12.1;
				MTL_ENABLE_DEBUG_INFO = INCLUDE_SOURCE;
				MTL_FAST_MATH = YES;
				ONLY_ACTIVE_ARCH = YES;
				SDKROOT = iphoneos;
				SWIFT_ACTIVE_COMPILATION_CONDITIONS = DEBUG;
				SWIFT_OPTIMIZATION_LEVEL = "-Onone";
			};
			name = Debug;
		};
		C24E24D0220FD73F00DABA81 /* Release */ = {
			isa = XCBuildConfiguration;
			buildSettings = {
				ALWAYS_SEARCH_USER_PATHS = NO;
				CLANG_ANALYZER_NONNULL = YES;
				CLANG_ANALYZER_NUMBER_OBJECT_CONVERSION = YES_AGGRESSIVE;
				CLANG_CXX_LANGUAGE_STANDARD = "gnu++14";
				CLANG_CXX_LIBRARY = "libc++";
				CLANG_ENABLE_MODULES = YES;
				CLANG_ENABLE_OBJC_ARC = YES;
				CLANG_ENABLE_OBJC_WEAK = YES;
				CLANG_WARN_BLOCK_CAPTURE_AUTORELEASING = YES;
				CLANG_WARN_BOOL_CONVERSION = YES;
				CLANG_WARN_COMMA = YES;
				CLANG_WARN_CONSTANT_CONVERSION = YES;
				CLANG_WARN_DEPRECATED_OBJC_IMPLEMENTATIONS = YES;
				CLANG_WARN_DIRECT_OBJC_ISA_USAGE = YES_ERROR;
				CLANG_WARN_DOCUMENTATION_COMMENTS = YES;
				CLANG_WARN_EMPTY_BODY = YES;
				CLANG_WARN_ENUM_CONVERSION = YES;
				CLANG_WARN_INFINITE_RECURSION = YES;
				CLANG_WARN_INT_CONVERSION = YES;
				CLANG_WARN_NON_LITERAL_NULL_CONVERSION = YES;
				CLANG_WARN_OBJC_IMPLICIT_RETAIN_SELF = YES;
				CLANG_WARN_OBJC_LITERAL_CONVERSION = YES;
				CLANG_WARN_OBJC_ROOT_CLASS = YES_ERROR;
				CLANG_WARN_RANGE_LOOP_ANALYSIS = YES;
				CLANG_WARN_STRICT_PROTOTYPES = YES;
				CLANG_WARN_SUSPICIOUS_MOVE = YES;
				CLANG_WARN_UNGUARDED_AVAILABILITY = YES_AGGRESSIVE;
				CLANG_WARN_UNREACHABLE_CODE = YES;
				CLANG_WARN__DUPLICATE_METHOD_MATCH = YES;
				CODE_SIGN_IDENTITY = "iPhone Developer";
				COPY_PHASE_STRIP = NO;
				DEBUG_INFORMATION_FORMAT = "dwarf-with-dsym";
				ENABLE_NS_ASSERTIONS = NO;
				ENABLE_STRICT_OBJC_MSGSEND = YES;
				GCC_C_LANGUAGE_STANDARD = gnu11;
				GCC_NO_COMMON_BLOCKS = YES;
				GCC_WARN_64_TO_32_BIT_CONVERSION = YES;
				GCC_WARN_ABOUT_RETURN_TYPE = YES_ERROR;
				GCC_WARN_UNDECLARED_SELECTOR = YES;
				GCC_WARN_UNINITIALIZED_AUTOS = YES_AGGRESSIVE;
				GCC_WARN_UNUSED_FUNCTION = YES;
				GCC_WARN_UNUSED_VARIABLE = YES;
				IPHONEOS_DEPLOYMENT_TARGET = 12.1;
				MTL_ENABLE_DEBUG_INFO = NO;
				MTL_FAST_MATH = YES;
				SDKROOT = iphoneos;
				SWIFT_COMPILATION_MODE = wholemodule;
				SWIFT_OPTIMIZATION_LEVEL = "-O";
				VALIDATE_PRODUCT = YES;
			};
			name = Release;
		};
		C24E24D2220FD73F00DABA81 /* Debug */ = {
			isa = XCBuildConfiguration;
			baseConfigurationReference = E78BBF0E663474377B72A9BC /* Pods-Flixster.debug.xcconfig */;
			buildSettings = {
				ASSETCATALOG_COMPILER_APPICON_NAME = AppIcon;
				CODE_SIGN_STYLE = Automatic;
				DEVELOPMENT_TEAM = 3LN5LS5S85;
				INFOPLIST_FILE = Flixster/Info.plist;
				LD_RUNPATH_SEARCH_PATHS = (
					"$(inherited)",
					"@executable_path/Frameworks",
				);
				PRODUCT_BUNDLE_IDENTIFIER = com.akarshkumar.Flixster;
				PRODUCT_NAME = "$(TARGET_NAME)";
				SWIFT_VERSION = 4.2;
				TARGETED_DEVICE_FAMILY = "1,2";
			};
			name = Debug;
		};
		C24E24D3220FD73F00DABA81 /* Release */ = {
			isa = XCBuildConfiguration;
			baseConfigurationReference = 25655FCA3BFC23044EDABBEF /* Pods-Flixster.release.xcconfig */;
			buildSettings = {
				ASSETCATALOG_COMPILER_APPICON_NAME = AppIcon;
				CODE_SIGN_STYLE = Automatic;
				DEVELOPMENT_TEAM = 3LN5LS5S85;
				INFOPLIST_FILE = Flixster/Info.plist;
				LD_RUNPATH_SEARCH_PATHS = (
					"$(inherited)",
					"@executable_path/Frameworks",
				);
				PRODUCT_BUNDLE_IDENTIFIER = com.akarshkumar.Flixster;
				PRODUCT_NAME = "$(TARGET_NAME)";
				SWIFT_VERSION = 4.2;
				TARGETED_DEVICE_FAMILY = "1,2";
			};
			name = Release;
		};
		C24E24D5220FD73F00DABA81 /* Debug */ = {
			isa = XCBuildConfiguration;
			baseConfigurationReference = E59946977755F51402EA00C2 /* Pods-FlixsterTests.debug.xcconfig */;
			buildSettings = {
				ALWAYS_EMBED_SWIFT_STANDARD_LIBRARIES = YES;
				BUNDLE_LOADER = "$(TEST_HOST)";
				CODE_SIGN_STYLE = Automatic;
				DEVELOPMENT_TEAM = 3LN5LS5S85;
				INFOPLIST_FILE = FlixsterTests/Info.plist;
				LD_RUNPATH_SEARCH_PATHS = (
					"$(inherited)",
					"@executable_path/Frameworks",
					"@loader_path/Frameworks",
				);
				PRODUCT_BUNDLE_IDENTIFIER = com.akarshkumar.FlixsterTests;
				PRODUCT_NAME = "$(TARGET_NAME)";
				SWIFT_VERSION = 4.2;
				TARGETED_DEVICE_FAMILY = "1,2";
				TEST_HOST = "$(BUILT_PRODUCTS_DIR)/Flixster.app/Flixster";
			};
			name = Debug;
		};
		C24E24D6220FD73F00DABA81 /* Release */ = {
			isa = XCBuildConfiguration;
			baseConfigurationReference = CE3FE9A6B205A492211570EA /* Pods-FlixsterTests.release.xcconfig */;
			buildSettings = {
				ALWAYS_EMBED_SWIFT_STANDARD_LIBRARIES = YES;
				BUNDLE_LOADER = "$(TEST_HOST)";
				CODE_SIGN_STYLE = Automatic;
				DEVELOPMENT_TEAM = 3LN5LS5S85;
				INFOPLIST_FILE = FlixsterTests/Info.plist;
				LD_RUNPATH_SEARCH_PATHS = (
					"$(inherited)",
					"@executable_path/Frameworks",
					"@loader_path/Frameworks",
				);
				PRODUCT_BUNDLE_IDENTIFIER = com.akarshkumar.FlixsterTests;
				PRODUCT_NAME = "$(TARGET_NAME)";
				SWIFT_VERSION = 4.2;
				TARGETED_DEVICE_FAMILY = "1,2";
				TEST_HOST = "$(BUILT_PRODUCTS_DIR)/Flixster.app/Flixster";
			};
			name = Release;
		};
		C24E24D8220FD73F00DABA81 /* Debug */ = {
			isa = XCBuildConfiguration;
			baseConfigurationReference = 70932D90EC0081283D2C27CC /* Pods-FlixsterUITests.debug.xcconfig */;
			buildSettings = {
				ALWAYS_EMBED_SWIFT_STANDARD_LIBRARIES = YES;
				CODE_SIGN_STYLE = Automatic;
				DEVELOPMENT_TEAM = 3LN5LS5S85;
				INFOPLIST_FILE = FlixsterUITests/Info.plist;
				LD_RUNPATH_SEARCH_PATHS = (
					"$(inherited)",
					"@executable_path/Frameworks",
					"@loader_path/Frameworks",
				);
				PRODUCT_BUNDLE_IDENTIFIER = com.akarshkumar.FlixsterUITests;
				PRODUCT_NAME = "$(TARGET_NAME)";
				SWIFT_VERSION = 4.2;
				TARGETED_DEVICE_FAMILY = "1,2";
				TEST_TARGET_NAME = Flixster;
			};
			name = Debug;
		};
		C24E24D9220FD73F00DABA81 /* Release */ = {
			isa = XCBuildConfiguration;
			baseConfigurationReference = 016800B6A6C6BFDD56C50ACE /* Pods-FlixsterUITests.release.xcconfig */;
			buildSettings = {
				ALWAYS_EMBED_SWIFT_STANDARD_LIBRARIES = YES;
				CODE_SIGN_STYLE = Automatic;
				DEVELOPMENT_TEAM = 3LN5LS5S85;
				INFOPLIST_FILE = FlixsterUITests/Info.plist;
				LD_RUNPATH_SEARCH_PATHS = (
					"$(inherited)",
					"@executable_path/Frameworks",
					"@loader_path/Frameworks",
				);
				PRODUCT_BUNDLE_IDENTIFIER = com.akarshkumar.FlixsterUITests;
				PRODUCT_NAME = "$(TARGET_NAME)";
				SWIFT_VERSION = 4.2;
				TARGETED_DEVICE_FAMILY = "1,2";
				TEST_TARGET_NAME = Flixster;
			};
			name = Release;
		};
/* End XCBuildConfiguration section */

/* Begin XCConfigurationList section */
		C24E24A4220FD73C00DABA81 /* Build configuration list for PBXProject "Flixster" */ = {
			isa = XCConfigurationList;
			buildConfigurations = (
				C24E24CF220FD73F00DABA81 /* Debug */,
				C24E24D0220FD73F00DABA81 /* Release */,
			);
			defaultConfigurationIsVisible = 0;
			defaultConfigurationName = Release;
		};
		C24E24D1220FD73F00DABA81 /* Build configuration list for PBXNativeTarget "Flixster" */ = {
			isa = XCConfigurationList;
			buildConfigurations = (
				C24E24D2220FD73F00DABA81 /* Debug */,
				C24E24D3220FD73F00DABA81 /* Release */,
			);
			defaultConfigurationIsVisible = 0;
			defaultConfigurationName = Release;
		};
		C24E24D4220FD73F00DABA81 /* Build configuration list for PBXNativeTarget "FlixsterTests" */ = {
			isa = XCConfigurationList;
			buildConfigurations = (
				C24E24D5220FD73F00DABA81 /* Debug */,
				C24E24D6220FD73F00DABA81 /* Release */,
			);
			defaultConfigurationIsVisible = 0;
			defaultConfigurationName = Release;
		};
		C24E24D7220FD73F00DABA81 /* Build configuration list for PBXNativeTarget "FlixsterUITests" */ = {
			isa = XCConfigurationList;
			buildConfigurations = (
				C24E24D8220FD73F00DABA81 /* Debug */,
				C24E24D9220FD73F00DABA81 /* Release */,
			);
			defaultConfigurationIsVisible = 0;
			defaultConfigurationName = Release;
		};
/* End XCConfigurationList section */
	};
	rootObject = C24E24A1220FD73C00DABA81 /* Project object */;
}
